
Microsoft Visual Studio Solution File, Format Version 12.00
# Visual Studio Version 17
VisualStudioVersion = 17.5.33502.453
MinimumVisualStudioVersion = 10.0.40219.1
Project("{9A19103F-16F7-4668-BE54-9A1E7A4F7556}") = "LinkedList", "ConsoleApp1\LinkedList.csproj", "{532FD7BA-F1FA-446E-AA02-0F8FEB9784A4}"
EndProject
Project("{9A19103F-16F7-4668-BE54-9A1E7A4F7556}") = "Stack", "Stack\Stack.csproj", "{0AEF075D-E061-47E0-A371-764DAF13A040}"
EndProject
Project("{9A19103F-16F7-4668-BE54-9A1E7A4F7556}") = "Valid Parentheses", "Valid Parentheses\Valid Parentheses.csproj", "{7D804C23-9565-4639-9D0E-758DE136969F}"
EndProject
Project("{9A19103F-16F7-4668-BE54-9A1E7A4F7556}") = "Students order", "Students order\Students order.csproj", "{D0C835E0-CBC2-44B1-8733-5369289D2C4D}"
EndProject
Project("{9A19103F-16F7-4668-BE54-9A1E7A4F7556}") = "Jumps", "Jumps\Jumps.csproj", "{FB33C15F-57C5-4FD8-947E-6ACF2AC82DD5}"
EndProject
Project("{9A19103F-16F7-4668-BE54-9A1E7A4F7556}") = "StudentOrderTwo", "StudentOrderTwo\StudentOrderTwo.csproj", "{734BD5B4-2B31-4D8D-92DD-124F6C7D31ED}"
EndProject
Project("{9A19103F-16F7-4668-BE54-9A1E7A4F7556}") = "HDNL_Toy", "HDNL_Toy\HDNL_Toy.csproj", "{7E8A672D-75C9-4B92-BF07-04E42FCDC3C2}"
EndProject
Project("{9A19103F-16F7-4668-BE54-9A1E7A4F7556}") = "StudenOrderThree", "StudenOrderThree\StudenOrderThree.csproj", "{E642BBC1-991A-4FC2-ACE9-2F83D96B1E71}"
EndProject
Project("{9A19103F-16F7-4668-BE54-9A1E7A4F7556}") = "MostOccuredElementDictionary", "MostOccuredElement\MostOccuredElementDictionary.csproj", "{44E588B5-785E-40C9-819E-E4C7415AFB18}"
EndProject
Project("{2150E333-8FDC-42A3-9474-1A3956D46DE8}") = "SetMapSessionDemo", "SetMapSessionDemo", "{55DA4799-AA24-4C02-8F1C-DD1BE16CAECF}"
EndProject
Project("{9A19103F-16F7-4668-BE54-9A1E7A4F7556}") = "SetMapSessionDemo", "SetMapSessionDemo\SetMapSessionDemo.csproj", "{9D5822B5-3ECF-4DF8-8177-F017910495D4}"
EndProject
Project("{9A19103F-16F7-4668-BE54-9A1E7A4F7556}") = "DictionaryDemo", "Dictionary\DictionaryDemo.csproj", "{4D6EE4C2-68E8-4ABD-B415-66365561447E}"
EndProject
Project("{9A19103F-16F7-4668-BE54-9A1E7A4F7556}") = "SortedSetDemo", "SortedSetDemo\SortedSetDemo.csproj", "{885483F6-4A63-4441-B601-7DDBBE9E8ECD}"
EndProject
Project("{9A19103F-16F7-4668-BE54-9A1E7A4F7556}") = "Noah's Ark", "Noah's Ark\Noah's Ark.csproj", "{9498966B-B3B3-4BDF-A5DE-0C77247A89DB}"
EndProject
Project("{9A19103F-16F7-4668-BE54-9A1E7A4F7556}") = "Inventory Manager", "Inventory Manager\Inventory Manager.csproj", "{A63FAD47-CE88-447A-B26D-8EDB8CC4FA60}"
EndProject
Project("{9A19103F-16F7-4668-BE54-9A1E7A4F7556}") = "InventoryManager100", "InventoryManager100\InventoryManager100.csproj", "{436A3777-33CE-41E8-A1D8-18E4F28537C9}"
EndProject
Project("{9A19103F-16F7-4668-BE54-9A1E7A4F7556}") = "Just Count", "Just Count\Just Count.csproj", "{DD681AF6-042F-4308-8D4C-C3B16E95ACF9}"
EndProject
Project("{9A19103F-16F7-4668-BE54-9A1E7A4F7556}") = "Inventory Manager Old", "Inventory Manager Old\Inventory Manager Old.csproj", "{2808308A-9D9A-400A-A3E4-A1002C4682F6}"
EndProject
Project("{9A19103F-16F7-4668-BE54-9A1E7A4F7556}") = "Pokemon", "Pokemon\Pokemon.csproj", "{2072D19A-4023-4A8A-9A23-F37880568867}"
EndProject
Project("{2150E333-8FDC-42A3-9474-1A3956D46DE8}") = "Recursion", "Recursion", "{020024A3-3588-4053-91E2-FC3F79A82FC3}"
EndProject
Project("{9A19103F-16F7-4668-BE54-9A1E7A4F7556}") = "Recursion", "Recursion\Recursion.csproj", "{4AFEB4DE-135F-4170-9373-E5428064B8B4}"
EndProject
Project("{9A19103F-16F7-4668-BE54-9A1E7A4F7556}") = "RecursionReverseString", "RecursionReverseString\RecursionReverseString.csproj", "{616C0693-4B3B-44CC-8F9E-06DEF50F6EC9}"
EndProject
Project("{9A19103F-16F7-4668-BE54-9A1E7A4F7556}") = "FibonacciRecursion", "FibonacciRecursion\FibonacciRecursion.csproj", "{DED70534-87E0-4CEB-9FA9-22493F45111C}"
EndProject
Project("{9A19103F-16F7-4668-BE54-9A1E7A4F7556}") = "CountXRecursion", "CountXRecursion\CountXRecursion.csproj", "{DFE4A822-FEA7-4B27-A968-C2A12C1127AF}"
EndProject
Project("{9A19103F-16F7-4668-BE54-9A1E7A4F7556}") = "LabirintRecursion", "LabirintRecursion\LabirintRecursion.csproj", "{A0474C7D-02D1-45DB-A7F2-BF3112D05816}"
EndProject
Project("{2150E333-8FDC-42A3-9474-1A3956D46DE8}") = "Tasks", "Tasks", "{F4D31ECA-4BA0-443D-8F60-8D84660AA8BC}"
EndProject
Project("{9A19103F-16F7-4668-BE54-9A1E7A4F7556}") = "FactorialRecursion", "FactorialRecursion\FactorialRecursion.csproj", "{2CAF2625-CC95-40CD-837E-B668056B828A}"
EndProject
Project("{9A19103F-16F7-4668-BE54-9A1E7A4F7556}") = "BunnyEars", "BunnyEars\BunnyEars.csproj", "{FEDB7649-1595-437E-ABD5-417AA167C774}"
EndProject
Project("{9A19103F-16F7-4668-BE54-9A1E7A4F7556}") = "BunnyEars2", "BunnyEars2\BunnyEars2.csproj", "{B7DDA93D-FCF7-4290-908D-ED3F286E47AD}"
EndProject
Project("{9A19103F-16F7-4668-BE54-9A1E7A4F7556}") = "Triangle", "Triangle\Triangle.csproj", "{01D4B711-7427-4806-B164-31A33A91815F}"
EndProject
Project("{9A19103F-16F7-4668-BE54-9A1E7A4F7556}") = "Sum Digits", "Sum Digits\Sum Digits.csproj", "{F1B22619-B041-4F6E-8621-DF84B01703A7}"
EndProject
Project("{9A19103F-16F7-4668-BE54-9A1E7A4F7556}") = "Count Occurancies", "Count Occurancies\Count Occurancies.csproj", "{C25D29D6-40B3-4176-A488-3956E60A6DF4}"
EndProject
Project("{9A19103F-16F7-4668-BE54-9A1E7A4F7556}") = "Count Occurancies 2", "Count Occurancies 2\Count Occurancies 2.csproj", "{9A57C735-F3C9-4FEA-8FDD-9A622C4F7F1A}"
EndProject
Project("{9A19103F-16F7-4668-BE54-9A1E7A4F7556}") = "Count Occurancies 3", "Count Occurancies 3\Count Occurancies 3.csproj", "{FAC19F1B-0F03-4BDF-B676-9FADD7BEF2F5}"
EndProject
Project("{9A19103F-16F7-4668-BE54-9A1E7A4F7556}") = "Power N", "Power N\Power N.csproj", "{F73E984E-77D6-43BB-B0ED-1B2361E509A1}"
EndProject
Project("{9A19103F-16F7-4668-BE54-9A1E7A4F7556}") = "CountX", "CountX\CountX.csproj", "{9EB19F4F-3308-4B74-B259-E3F6CAC20405}"
EndProject
Project("{9A19103F-16F7-4668-BE54-9A1E7A4F7556}") = "CountHi", "CountHi\CountHi.csproj", "{2080276F-EB53-4658-B6D2-A59F6F4C9D91}"
EndProject
Project("{9A19103F-16F7-4668-BE54-9A1E7A4F7556}") = "Fibonacci", "Fibonacci\Fibonacci.csproj", "{FE436ECC-A108-4FF4-B23C-F360FF459BBF}"
EndProject
Project("{9A19103F-16F7-4668-BE54-9A1E7A4F7556}") = "Change Pi", "Change Pi\Change Pi.csproj", "{DCB213ED-022D-40FD-946C-0AAFAED1522C}"
EndProject
Project("{9A19103F-16F7-4668-BE54-9A1E7A4F7556}") = "Array With 6", "Array With 6\Array With 6.csproj", "{DA458A3E-A5A4-49E3-8C64-A7F3E2516772}"
EndProject
Project("{9A19103F-16F7-4668-BE54-9A1E7A4F7556}") = "Array with 11", "Array with 11\Array with 11.csproj", "{B6B4C659-58BC-41EB-A434-E516AD4DDD79}"
EndProject
Project("{9A19103F-16F7-4668-BE54-9A1E7A4F7556}") = "Array Values times 10", "Array Values times 10\Array Values times 10.csproj", "{EF7DFDFC-624E-4AA4-A3AA-E4DF2AC5E698}"
EndProject
Project("{9A19103F-16F7-4668-BE54-9A1E7A4F7556}") = "Scrooge McDuck", "Scrooge McDuck\Scrooge McDuck.csproj", "{E9E05857-2D87-4CB7-880C-F0122E690D3D}"
EndProject
Project("{9A19103F-16F7-4668-BE54-9A1E7A4F7556}") = "Largest Surface", "Largest Surface\Largest Surface.csproj", "{535E71D7-9E41-43F9-A132-F55AF0ED5B27}"
EndProject
Project("{9A19103F-16F7-4668-BE54-9A1E7A4F7556}") = "Largest Surface 2", "Largest Surface 2\Largest Surface 2.csproj", "{22844FB1-7BC7-45F3-9376-34782B8C326E}"
EndProject
Project("{9A19103F-16F7-4668-BE54-9A1E7A4F7556}") = "Variations", "Variations\Variations.csproj", "{CB414E62-28AF-4069-BD91-B96918EC3C0E}"
EndProject
Project("{2150E333-8FDC-42A3-9474-1A3956D46DE8}") = "Search and Sorting", "Search and Sorting", "{6227AB5B-0CF0-43F7-A399-C01C574B5F88}"
EndProject
Project("{9A19103F-16F7-4668-BE54-9A1E7A4F7556}") = "Linked List Sort", "Linked List Sort\Linked List Sort.csproj", "{2E4728DB-A296-4A70-9EFC-3162923C6DB9}"
EndProject
Project("{9A19103F-16F7-4668-BE54-9A1E7A4F7556}") = "Cipher", "Cipher\Cipher.csproj", "{223C46EF-A6F3-4F30-BF9D-6A9977E6226B}"
EndProject
Project("{2150E333-8FDC-42A3-9474-1A3956D46DE8}") = "Tree", "Tree", "{4B99E88B-8AD0-4C60-B008-CACB0FE24963}"
EndProject
Project("{9A19103F-16F7-4668-BE54-9A1E7A4F7556}") = "TreeDemo", "Tree\TreeDemo.csproj", "{A6699FFF-AC67-4E9D-B71A-B171598A99FB}"
EndProject
Project("{9A19103F-16F7-4668-BE54-9A1E7A4F7556}") = "BinaryTreeTest", "BinaryTreeTest\BinaryTreeTest.csproj", "{2FDCBE84-6CF5-4A7D-AF58-8904AA88F68C}"
EndProject
Project("{2150E333-8FDC-42A3-9474-1A3956D46DE8}") = "ExamplesForProgressReview", "ExamplesForProgressReview", "{10895DEA-D57D-41EE-B7B7-DE17AE9F39C1}"
EndProject
Project("{9A19103F-16F7-4668-BE54-9A1E7A4F7556}") = "HashSet1", "HashSet1\HashSet1.csproj", "{62B97AA9-5D48-4A67-A3CF-DFB1A1C8BC0C}"
EndProject
Project("{9A19103F-16F7-4668-BE54-9A1E7A4F7556}") = "HashSet2", "HashSet2\HashSet2.csproj", "{D0CA5103-C5FC-42C6-BA0D-0CD57A5F6371}"
EndProject
Project("{9A19103F-16F7-4668-BE54-9A1E7A4F7556}") = "HashSet3", "HashSet3\HashSet3.csproj", "{39F1874C-CD92-40CD-9DB0-02317A4FC36F}"
EndProject
Project("{9A19103F-16F7-4668-BE54-9A1E7A4F7556}") = "LinkedList1", "LinkedList1\LinkedList1.csproj", "{E7263DF1-A8DC-4310-923D-1D7A2A3FC096}"
EndProject
Project("{FAE04EC0-301F-11D3-BF4B-00C04F79EFBC}") = "TestTest", "TestTest\TestTest.csproj", "{5385A077-B098-43CF-93AC-53116A493B30}"
EndProject
Project("{2150E333-8FDC-42A3-9474-1A3956D46DE8}") = "Formal Progress Review Tasks", "Formal Progress Review Tasks", "{D758A77F-8672-4FC0-9254-E6207B9795F6}"
EndProject
Project("{FAE04EC0-301F-11D3-BF4B-00C04F79EFBC}") = "Soldiers", "Soldiers\Soldiers.csproj", "{D9052EE1-69A7-4948-A870-C16A6000CE27}"
EndProject
Project("{FAE04EC0-301F-11D3-BF4B-00C04F79EFBC}") = "Second Task", "Second Task\Second Task.csproj", "{ACB89A8E-DDC4-4C5B-9FE0-DC2FD24B4EF7}"
EndProject
Project("{FAE04EC0-301F-11D3-BF4B-00C04F79EFBC}") = "Third Task", "Third Task\Third Task.csproj", "{1B3BB92A-27D4-4090-8C37-53C5BDEB5489}"
EndProject
Project("{FAE04EC0-301F-11D3-BF4B-00C04F79EFBC}") = "Second Task 2", "Second Task 2\Second Task 2.csproj", "{6B282D3F-06CB-4994-86AB-D18DF291C506}"
EndProject
Global
	GlobalSection(SolutionConfigurationPlatforms) = preSolution
		Debug|Any CPU = Debug|Any CPU
		Release|Any CPU = Release|Any CPU
	EndGlobalSection
	GlobalSection(ProjectConfigurationPlatforms) = postSolution
		{532FD7BA-F1FA-446E-AA02-0F8FEB9784A4}.Debug|Any CPU.ActiveCfg = Debug|Any CPU
		{532FD7BA-F1FA-446E-AA02-0F8FEB9784A4}.Debug|Any CPU.Build.0 = Debug|Any CPU
		{532FD7BA-F1FA-446E-AA02-0F8FEB9784A4}.Release|Any CPU.ActiveCfg = Release|Any CPU
		{532FD7BA-F1FA-446E-AA02-0F8FEB9784A4}.Release|Any CPU.Build.0 = Release|Any CPU
		{0AEF075D-E061-47E0-A371-764DAF13A040}.Debug|Any CPU.ActiveCfg = Debug|Any CPU
		{0AEF075D-E061-47E0-A371-764DAF13A040}.Debug|Any CPU.Build.0 = Debug|Any CPU
		{0AEF075D-E061-47E0-A371-764DAF13A040}.Release|Any CPU.ActiveCfg = Release|Any CPU
		{0AEF075D-E061-47E0-A371-764DAF13A040}.Release|Any CPU.Build.0 = Release|Any CPU
		{7D804C23-9565-4639-9D0E-758DE136969F}.Debug|Any CPU.ActiveCfg = Debug|Any CPU
		{7D804C23-9565-4639-9D0E-758DE136969F}.Debug|Any CPU.Build.0 = Debug|Any CPU
		{7D804C23-9565-4639-9D0E-758DE136969F}.Release|Any CPU.ActiveCfg = Release|Any CPU
		{7D804C23-9565-4639-9D0E-758DE136969F}.Release|Any CPU.Build.0 = Release|Any CPU
		{D0C835E0-CBC2-44B1-8733-5369289D2C4D}.Debug|Any CPU.ActiveCfg = Debug|Any CPU
		{D0C835E0-CBC2-44B1-8733-5369289D2C4D}.Debug|Any CPU.Build.0 = Debug|Any CPU
		{D0C835E0-CBC2-44B1-8733-5369289D2C4D}.Release|Any CPU.ActiveCfg = Release|Any CPU
		{D0C835E0-CBC2-44B1-8733-5369289D2C4D}.Release|Any CPU.Build.0 = Release|Any CPU
		{FB33C15F-57C5-4FD8-947E-6ACF2AC82DD5}.Debug|Any CPU.ActiveCfg = Debug|Any CPU
		{FB33C15F-57C5-4FD8-947E-6ACF2AC82DD5}.Debug|Any CPU.Build.0 = Debug|Any CPU
		{FB33C15F-57C5-4FD8-947E-6ACF2AC82DD5}.Release|Any CPU.ActiveCfg = Release|Any CPU
		{FB33C15F-57C5-4FD8-947E-6ACF2AC82DD5}.Release|Any CPU.Build.0 = Release|Any CPU
		{734BD5B4-2B31-4D8D-92DD-124F6C7D31ED}.Debug|Any CPU.ActiveCfg = Debug|Any CPU
		{734BD5B4-2B31-4D8D-92DD-124F6C7D31ED}.Debug|Any CPU.Build.0 = Debug|Any CPU
		{734BD5B4-2B31-4D8D-92DD-124F6C7D31ED}.Release|Any CPU.ActiveCfg = Release|Any CPU
		{734BD5B4-2B31-4D8D-92DD-124F6C7D31ED}.Release|Any CPU.Build.0 = Release|Any CPU
		{7E8A672D-75C9-4B92-BF07-04E42FCDC3C2}.Debug|Any CPU.ActiveCfg = Debug|Any CPU
		{7E8A672D-75C9-4B92-BF07-04E42FCDC3C2}.Debug|Any CPU.Build.0 = Debug|Any CPU
		{7E8A672D-75C9-4B92-BF07-04E42FCDC3C2}.Release|Any CPU.ActiveCfg = Release|Any CPU
		{7E8A672D-75C9-4B92-BF07-04E42FCDC3C2}.Release|Any CPU.Build.0 = Release|Any CPU
		{E642BBC1-991A-4FC2-ACE9-2F83D96B1E71}.Debug|Any CPU.ActiveCfg = Debug|Any CPU
		{E642BBC1-991A-4FC2-ACE9-2F83D96B1E71}.Debug|Any CPU.Build.0 = Debug|Any CPU
		{E642BBC1-991A-4FC2-ACE9-2F83D96B1E71}.Release|Any CPU.ActiveCfg = Release|Any CPU
		{E642BBC1-991A-4FC2-ACE9-2F83D96B1E71}.Release|Any CPU.Build.0 = Release|Any CPU
		{44E588B5-785E-40C9-819E-E4C7415AFB18}.Debug|Any CPU.ActiveCfg = Debug|Any CPU
		{44E588B5-785E-40C9-819E-E4C7415AFB18}.Debug|Any CPU.Build.0 = Debug|Any CPU
		{44E588B5-785E-40C9-819E-E4C7415AFB18}.Release|Any CPU.ActiveCfg = Release|Any CPU
		{44E588B5-785E-40C9-819E-E4C7415AFB18}.Release|Any CPU.Build.0 = Release|Any CPU
		{9D5822B5-3ECF-4DF8-8177-F017910495D4}.Debug|Any CPU.ActiveCfg = Debug|Any CPU
		{9D5822B5-3ECF-4DF8-8177-F017910495D4}.Debug|Any CPU.Build.0 = Debug|Any CPU
		{9D5822B5-3ECF-4DF8-8177-F017910495D4}.Release|Any CPU.ActiveCfg = Release|Any CPU
		{9D5822B5-3ECF-4DF8-8177-F017910495D4}.Release|Any CPU.Build.0 = Release|Any CPU
		{4D6EE4C2-68E8-4ABD-B415-66365561447E}.Debug|Any CPU.ActiveCfg = Debug|Any CPU
		{4D6EE4C2-68E8-4ABD-B415-66365561447E}.Debug|Any CPU.Build.0 = Debug|Any CPU
		{4D6EE4C2-68E8-4ABD-B415-66365561447E}.Release|Any CPU.ActiveCfg = Release|Any CPU
		{4D6EE4C2-68E8-4ABD-B415-66365561447E}.Release|Any CPU.Build.0 = Release|Any CPU
		{885483F6-4A63-4441-B601-7DDBBE9E8ECD}.Debug|Any CPU.ActiveCfg = Debug|Any CPU
		{885483F6-4A63-4441-B601-7DDBBE9E8ECD}.Debug|Any CPU.Build.0 = Debug|Any CPU
		{885483F6-4A63-4441-B601-7DDBBE9E8ECD}.Release|Any CPU.ActiveCfg = Release|Any CPU
		{885483F6-4A63-4441-B601-7DDBBE9E8ECD}.Release|Any CPU.Build.0 = Release|Any CPU
		{9498966B-B3B3-4BDF-A5DE-0C77247A89DB}.Debug|Any CPU.ActiveCfg = Debug|Any CPU
		{9498966B-B3B3-4BDF-A5DE-0C77247A89DB}.Debug|Any CPU.Build.0 = Debug|Any CPU
		{9498966B-B3B3-4BDF-A5DE-0C77247A89DB}.Release|Any CPU.ActiveCfg = Release|Any CPU
		{9498966B-B3B3-4BDF-A5DE-0C77247A89DB}.Release|Any CPU.Build.0 = Release|Any CPU
		{A63FAD47-CE88-447A-B26D-8EDB8CC4FA60}.Debug|Any CPU.ActiveCfg = Debug|Any CPU
		{A63FAD47-CE88-447A-B26D-8EDB8CC4FA60}.Debug|Any CPU.Build.0 = Debug|Any CPU
		{A63FAD47-CE88-447A-B26D-8EDB8CC4FA60}.Release|Any CPU.ActiveCfg = Release|Any CPU
		{A63FAD47-CE88-447A-B26D-8EDB8CC4FA60}.Release|Any CPU.Build.0 = Release|Any CPU
		{436A3777-33CE-41E8-A1D8-18E4F28537C9}.Debug|Any CPU.ActiveCfg = Debug|Any CPU
		{436A3777-33CE-41E8-A1D8-18E4F28537C9}.Debug|Any CPU.Build.0 = Debug|Any CPU
		{436A3777-33CE-41E8-A1D8-18E4F28537C9}.Release|Any CPU.ActiveCfg = Release|Any CPU
		{436A3777-33CE-41E8-A1D8-18E4F28537C9}.Release|Any CPU.Build.0 = Release|Any CPU
		{DD681AF6-042F-4308-8D4C-C3B16E95ACF9}.Debug|Any CPU.ActiveCfg = Debug|Any CPU
		{DD681AF6-042F-4308-8D4C-C3B16E95ACF9}.Debug|Any CPU.Build.0 = Debug|Any CPU
		{DD681AF6-042F-4308-8D4C-C3B16E95ACF9}.Release|Any CPU.ActiveCfg = Release|Any CPU
		{DD681AF6-042F-4308-8D4C-C3B16E95ACF9}.Release|Any CPU.Build.0 = Release|Any CPU
		{2808308A-9D9A-400A-A3E4-A1002C4682F6}.Debug|Any CPU.ActiveCfg = Debug|Any CPU
		{2808308A-9D9A-400A-A3E4-A1002C4682F6}.Debug|Any CPU.Build.0 = Debug|Any CPU
		{2808308A-9D9A-400A-A3E4-A1002C4682F6}.Release|Any CPU.ActiveCfg = Release|Any CPU
		{2808308A-9D9A-400A-A3E4-A1002C4682F6}.Release|Any CPU.Build.0 = Release|Any CPU
		{2072D19A-4023-4A8A-9A23-F37880568867}.Debug|Any CPU.ActiveCfg = Debug|Any CPU
		{2072D19A-4023-4A8A-9A23-F37880568867}.Debug|Any CPU.Build.0 = Debug|Any CPU
		{2072D19A-4023-4A8A-9A23-F37880568867}.Release|Any CPU.ActiveCfg = Release|Any CPU
		{2072D19A-4023-4A8A-9A23-F37880568867}.Release|Any CPU.Build.0 = Release|Any CPU
		{4AFEB4DE-135F-4170-9373-E5428064B8B4}.Debug|Any CPU.ActiveCfg = Debug|Any CPU
		{4AFEB4DE-135F-4170-9373-E5428064B8B4}.Debug|Any CPU.Build.0 = Debug|Any CPU
		{4AFEB4DE-135F-4170-9373-E5428064B8B4}.Release|Any CPU.ActiveCfg = Release|Any CPU
		{4AFEB4DE-135F-4170-9373-E5428064B8B4}.Release|Any CPU.Build.0 = Release|Any CPU
		{616C0693-4B3B-44CC-8F9E-06DEF50F6EC9}.Debug|Any CPU.ActiveCfg = Debug|Any CPU
		{616C0693-4B3B-44CC-8F9E-06DEF50F6EC9}.Debug|Any CPU.Build.0 = Debug|Any CPU
		{616C0693-4B3B-44CC-8F9E-06DEF50F6EC9}.Release|Any CPU.ActiveCfg = Release|Any CPU
		{616C0693-4B3B-44CC-8F9E-06DEF50F6EC9}.Release|Any CPU.Build.0 = Release|Any CPU
		{DED70534-87E0-4CEB-9FA9-22493F45111C}.Debug|Any CPU.ActiveCfg = Debug|Any CPU
		{DED70534-87E0-4CEB-9FA9-22493F45111C}.Debug|Any CPU.Build.0 = Debug|Any CPU
		{DED70534-87E0-4CEB-9FA9-22493F45111C}.Release|Any CPU.ActiveCfg = Release|Any CPU
		{DED70534-87E0-4CEB-9FA9-22493F45111C}.Release|Any CPU.Build.0 = Release|Any CPU
		{DFE4A822-FEA7-4B27-A968-C2A12C1127AF}.Debug|Any CPU.ActiveCfg = Debug|Any CPU
		{DFE4A822-FEA7-4B27-A968-C2A12C1127AF}.Debug|Any CPU.Build.0 = Debug|Any CPU
		{DFE4A822-FEA7-4B27-A968-C2A12C1127AF}.Release|Any CPU.ActiveCfg = Release|Any CPU
		{DFE4A822-FEA7-4B27-A968-C2A12C1127AF}.Release|Any CPU.Build.0 = Release|Any CPU
		{A0474C7D-02D1-45DB-A7F2-BF3112D05816}.Debug|Any CPU.ActiveCfg = Debug|Any CPU
		{A0474C7D-02D1-45DB-A7F2-BF3112D05816}.Debug|Any CPU.Build.0 = Debug|Any CPU
		{A0474C7D-02D1-45DB-A7F2-BF3112D05816}.Release|Any CPU.ActiveCfg = Release|Any CPU
		{A0474C7D-02D1-45DB-A7F2-BF3112D05816}.Release|Any CPU.Build.0 = Release|Any CPU
		{2CAF2625-CC95-40CD-837E-B668056B828A}.Debug|Any CPU.ActiveCfg = Debug|Any CPU
		{2CAF2625-CC95-40CD-837E-B668056B828A}.Debug|Any CPU.Build.0 = Debug|Any CPU
		{2CAF2625-CC95-40CD-837E-B668056B828A}.Release|Any CPU.ActiveCfg = Release|Any CPU
		{2CAF2625-CC95-40CD-837E-B668056B828A}.Release|Any CPU.Build.0 = Release|Any CPU
		{FEDB7649-1595-437E-ABD5-417AA167C774}.Debug|Any CPU.ActiveCfg = Debug|Any CPU
		{FEDB7649-1595-437E-ABD5-417AA167C774}.Debug|Any CPU.Build.0 = Debug|Any CPU
		{FEDB7649-1595-437E-ABD5-417AA167C774}.Release|Any CPU.ActiveCfg = Release|Any CPU
		{FEDB7649-1595-437E-ABD5-417AA167C774}.Release|Any CPU.Build.0 = Release|Any CPU
		{B7DDA93D-FCF7-4290-908D-ED3F286E47AD}.Debug|Any CPU.ActiveCfg = Debug|Any CPU
		{B7DDA93D-FCF7-4290-908D-ED3F286E47AD}.Debug|Any CPU.Build.0 = Debug|Any CPU
		{B7DDA93D-FCF7-4290-908D-ED3F286E47AD}.Release|Any CPU.ActiveCfg = Release|Any CPU
		{B7DDA93D-FCF7-4290-908D-ED3F286E47AD}.Release|Any CPU.Build.0 = Release|Any CPU
		{01D4B711-7427-4806-B164-31A33A91815F}.Debug|Any CPU.ActiveCfg = Debug|Any CPU
		{01D4B711-7427-4806-B164-31A33A91815F}.Debug|Any CPU.Build.0 = Debug|Any CPU
		{01D4B711-7427-4806-B164-31A33A91815F}.Release|Any CPU.ActiveCfg = Release|Any CPU
		{01D4B711-7427-4806-B164-31A33A91815F}.Release|Any CPU.Build.0 = Release|Any CPU
		{F1B22619-B041-4F6E-8621-DF84B01703A7}.Debug|Any CPU.ActiveCfg = Debug|Any CPU
		{F1B22619-B041-4F6E-8621-DF84B01703A7}.Debug|Any CPU.Build.0 = Debug|Any CPU
		{F1B22619-B041-4F6E-8621-DF84B01703A7}.Release|Any CPU.ActiveCfg = Release|Any CPU
		{F1B22619-B041-4F6E-8621-DF84B01703A7}.Release|Any CPU.Build.0 = Release|Any CPU
		{C25D29D6-40B3-4176-A488-3956E60A6DF4}.Debug|Any CPU.ActiveCfg = Debug|Any CPU
		{C25D29D6-40B3-4176-A488-3956E60A6DF4}.Debug|Any CPU.Build.0 = Debug|Any CPU
		{C25D29D6-40B3-4176-A488-3956E60A6DF4}.Release|Any CPU.ActiveCfg = Release|Any CPU
		{C25D29D6-40B3-4176-A488-3956E60A6DF4}.Release|Any CPU.Build.0 = Release|Any CPU
		{9A57C735-F3C9-4FEA-8FDD-9A622C4F7F1A}.Debug|Any CPU.ActiveCfg = Debug|Any CPU
		{9A57C735-F3C9-4FEA-8FDD-9A622C4F7F1A}.Debug|Any CPU.Build.0 = Debug|Any CPU
		{9A57C735-F3C9-4FEA-8FDD-9A622C4F7F1A}.Release|Any CPU.ActiveCfg = Release|Any CPU
		{9A57C735-F3C9-4FEA-8FDD-9A622C4F7F1A}.Release|Any CPU.Build.0 = Release|Any CPU
		{FAC19F1B-0F03-4BDF-B676-9FADD7BEF2F5}.Debug|Any CPU.ActiveCfg = Debug|Any CPU
		{FAC19F1B-0F03-4BDF-B676-9FADD7BEF2F5}.Debug|Any CPU.Build.0 = Debug|Any CPU
		{FAC19F1B-0F03-4BDF-B676-9FADD7BEF2F5}.Release|Any CPU.ActiveCfg = Release|Any CPU
		{FAC19F1B-0F03-4BDF-B676-9FADD7BEF2F5}.Release|Any CPU.Build.0 = Release|Any CPU
		{F73E984E-77D6-43BB-B0ED-1B2361E509A1}.Debug|Any CPU.ActiveCfg = Debug|Any CPU
		{F73E984E-77D6-43BB-B0ED-1B2361E509A1}.Debug|Any CPU.Build.0 = Debug|Any CPU
		{F73E984E-77D6-43BB-B0ED-1B2361E509A1}.Release|Any CPU.ActiveCfg = Release|Any CPU
		{F73E984E-77D6-43BB-B0ED-1B2361E509A1}.Release|Any CPU.Build.0 = Release|Any CPU
		{9EB19F4F-3308-4B74-B259-E3F6CAC20405}.Debug|Any CPU.ActiveCfg = Debug|Any CPU
		{9EB19F4F-3308-4B74-B259-E3F6CAC20405}.Debug|Any CPU.Build.0 = Debug|Any CPU
		{9EB19F4F-3308-4B74-B259-E3F6CAC20405}.Release|Any CPU.ActiveCfg = Release|Any CPU
		{9EB19F4F-3308-4B74-B259-E3F6CAC20405}.Release|Any CPU.Build.0 = Release|Any CPU
		{2080276F-EB53-4658-B6D2-A59F6F4C9D91}.Debug|Any CPU.ActiveCfg = Debug|Any CPU
		{2080276F-EB53-4658-B6D2-A59F6F4C9D91}.Debug|Any CPU.Build.0 = Debug|Any CPU
		{2080276F-EB53-4658-B6D2-A59F6F4C9D91}.Release|Any CPU.ActiveCfg = Release|Any CPU
		{2080276F-EB53-4658-B6D2-A59F6F4C9D91}.Release|Any CPU.Build.0 = Release|Any CPU
		{FE436ECC-A108-4FF4-B23C-F360FF459BBF}.Debug|Any CPU.ActiveCfg = Debug|Any CPU
		{FE436ECC-A108-4FF4-B23C-F360FF459BBF}.Debug|Any CPU.Build.0 = Debug|Any CPU
		{FE436ECC-A108-4FF4-B23C-F360FF459BBF}.Release|Any CPU.ActiveCfg = Release|Any CPU
		{FE436ECC-A108-4FF4-B23C-F360FF459BBF}.Release|Any CPU.Build.0 = Release|Any CPU
		{DCB213ED-022D-40FD-946C-0AAFAED1522C}.Debug|Any CPU.ActiveCfg = Debug|Any CPU
		{DCB213ED-022D-40FD-946C-0AAFAED1522C}.Debug|Any CPU.Build.0 = Debug|Any CPU
		{DCB213ED-022D-40FD-946C-0AAFAED1522C}.Release|Any CPU.ActiveCfg = Release|Any CPU
		{DCB213ED-022D-40FD-946C-0AAFAED1522C}.Release|Any CPU.Build.0 = Release|Any CPU
		{DA458A3E-A5A4-49E3-8C64-A7F3E2516772}.Debug|Any CPU.ActiveCfg = Debug|Any CPU
		{DA458A3E-A5A4-49E3-8C64-A7F3E2516772}.Debug|Any CPU.Build.0 = Debug|Any CPU
		{DA458A3E-A5A4-49E3-8C64-A7F3E2516772}.Release|Any CPU.ActiveCfg = Release|Any CPU
		{DA458A3E-A5A4-49E3-8C64-A7F3E2516772}.Release|Any CPU.Build.0 = Release|Any CPU
		{B6B4C659-58BC-41EB-A434-E516AD4DDD79}.Debug|Any CPU.ActiveCfg = Debug|Any CPU
		{B6B4C659-58BC-41EB-A434-E516AD4DDD79}.Debug|Any CPU.Build.0 = Debug|Any CPU
		{B6B4C659-58BC-41EB-A434-E516AD4DDD79}.Release|Any CPU.ActiveCfg = Release|Any CPU
		{B6B4C659-58BC-41EB-A434-E516AD4DDD79}.Release|Any CPU.Build.0 = Release|Any CPU
		{EF7DFDFC-624E-4AA4-A3AA-E4DF2AC5E698}.Debug|Any CPU.ActiveCfg = Debug|Any CPU
		{EF7DFDFC-624E-4AA4-A3AA-E4DF2AC5E698}.Debug|Any CPU.Build.0 = Debug|Any CPU
		{EF7DFDFC-624E-4AA4-A3AA-E4DF2AC5E698}.Release|Any CPU.ActiveCfg = Release|Any CPU
		{EF7DFDFC-624E-4AA4-A3AA-E4DF2AC5E698}.Release|Any CPU.Build.0 = Release|Any CPU
		{E9E05857-2D87-4CB7-880C-F0122E690D3D}.Debug|Any CPU.ActiveCfg = Debug|Any CPU
		{E9E05857-2D87-4CB7-880C-F0122E690D3D}.Debug|Any CPU.Build.0 = Debug|Any CPU
		{E9E05857-2D87-4CB7-880C-F0122E690D3D}.Release|Any CPU.ActiveCfg = Release|Any CPU
		{E9E05857-2D87-4CB7-880C-F0122E690D3D}.Release|Any CPU.Build.0 = Release|Any CPU
		{535E71D7-9E41-43F9-A132-F55AF0ED5B27}.Debug|Any CPU.ActiveCfg = Debug|Any CPU
		{535E71D7-9E41-43F9-A132-F55AF0ED5B27}.Debug|Any CPU.Build.0 = Debug|Any CPU
		{535E71D7-9E41-43F9-A132-F55AF0ED5B27}.Release|Any CPU.ActiveCfg = Release|Any CPU
		{535E71D7-9E41-43F9-A132-F55AF0ED5B27}.Release|Any CPU.Build.0 = Release|Any CPU
		{22844FB1-7BC7-45F3-9376-34782B8C326E}.Debug|Any CPU.ActiveCfg = Debug|Any CPU
		{22844FB1-7BC7-45F3-9376-34782B8C326E}.Debug|Any CPU.Build.0 = Debug|Any CPU
		{22844FB1-7BC7-45F3-9376-34782B8C326E}.Release|Any CPU.ActiveCfg = Release|Any CPU
		{22844FB1-7BC7-45F3-9376-34782B8C326E}.Release|Any CPU.Build.0 = Release|Any CPU
		{CB414E62-28AF-4069-BD91-B96918EC3C0E}.Debug|Any CPU.ActiveCfg = Debug|Any CPU
		{CB414E62-28AF-4069-BD91-B96918EC3C0E}.Debug|Any CPU.Build.0 = Debug|Any CPU
		{CB414E62-28AF-4069-BD91-B96918EC3C0E}.Release|Any CPU.ActiveCfg = Release|Any CPU
		{CB414E62-28AF-4069-BD91-B96918EC3C0E}.Release|Any CPU.Build.0 = Release|Any CPU
		{2E4728DB-A296-4A70-9EFC-3162923C6DB9}.Debug|Any CPU.ActiveCfg = Debug|Any CPU
		{2E4728DB-A296-4A70-9EFC-3162923C6DB9}.Debug|Any CPU.Build.0 = Debug|Any CPU
		{2E4728DB-A296-4A70-9EFC-3162923C6DB9}.Release|Any CPU.ActiveCfg = Release|Any CPU
		{2E4728DB-A296-4A70-9EFC-3162923C6DB9}.Release|Any CPU.Build.0 = Release|Any CPU
		{223C46EF-A6F3-4F30-BF9D-6A9977E6226B}.Debug|Any CPU.ActiveCfg = Debug|Any CPU
		{223C46EF-A6F3-4F30-BF9D-6A9977E6226B}.Debug|Any CPU.Build.0 = Debug|Any CPU
		{223C46EF-A6F3-4F30-BF9D-6A9977E6226B}.Release|Any CPU.ActiveCfg = Release|Any CPU
		{223C46EF-A6F3-4F30-BF9D-6A9977E6226B}.Release|Any CPU.Build.0 = Release|Any CPU
		{A6699FFF-AC67-4E9D-B71A-B171598A99FB}.Debug|Any CPU.ActiveCfg = Debug|Any CPU
		{A6699FFF-AC67-4E9D-B71A-B171598A99FB}.Debug|Any CPU.Build.0 = Debug|Any CPU
		{A6699FFF-AC67-4E9D-B71A-B171598A99FB}.Release|Any CPU.ActiveCfg = Release|Any CPU
		{A6699FFF-AC67-4E9D-B71A-B171598A99FB}.Release|Any CPU.Build.0 = Release|Any CPU
		{2FDCBE84-6CF5-4A7D-AF58-8904AA88F68C}.Debug|Any CPU.ActiveCfg = Debug|Any CPU
		{2FDCBE84-6CF5-4A7D-AF58-8904AA88F68C}.Debug|Any CPU.Build.0 = Debug|Any CPU
		{2FDCBE84-6CF5-4A7D-AF58-8904AA88F68C}.Release|Any CPU.ActiveCfg = Release|Any CPU
		{2FDCBE84-6CF5-4A7D-AF58-8904AA88F68C}.Release|Any CPU.Build.0 = Release|Any CPU
		{62B97AA9-5D48-4A67-A3CF-DFB1A1C8BC0C}.Debug|Any CPU.ActiveCfg = Debug|Any CPU
		{62B97AA9-5D48-4A67-A3CF-DFB1A1C8BC0C}.Debug|Any CPU.Build.0 = Debug|Any CPU
		{62B97AA9-5D48-4A67-A3CF-DFB1A1C8BC0C}.Release|Any CPU.ActiveCfg = Release|Any CPU
		{62B97AA9-5D48-4A67-A3CF-DFB1A1C8BC0C}.Release|Any CPU.Build.0 = Release|Any CPU
		{D0CA5103-C5FC-42C6-BA0D-0CD57A5F6371}.Debug|Any CPU.ActiveCfg = Debug|Any CPU
		{D0CA5103-C5FC-42C6-BA0D-0CD57A5F6371}.Debug|Any CPU.Build.0 = Debug|Any CPU
		{D0CA5103-C5FC-42C6-BA0D-0CD57A5F6371}.Release|Any CPU.ActiveCfg = Release|Any CPU
		{D0CA5103-C5FC-42C6-BA0D-0CD57A5F6371}.Release|Any CPU.Build.0 = Release|Any CPU
		{39F1874C-CD92-40CD-9DB0-02317A4FC36F}.Debug|Any CPU.ActiveCfg = Debug|Any CPU
		{39F1874C-CD92-40CD-9DB0-02317A4FC36F}.Debug|Any CPU.Build.0 = Debug|Any CPU
		{39F1874C-CD92-40CD-9DB0-02317A4FC36F}.Release|Any CPU.ActiveCfg = Release|Any CPU
		{39F1874C-CD92-40CD-9DB0-02317A4FC36F}.Release|Any CPU.Build.0 = Release|Any CPU
		{E7263DF1-A8DC-4310-923D-1D7A2A3FC096}.Debug|Any CPU.ActiveCfg = Debug|Any CPU
		{E7263DF1-A8DC-4310-923D-1D7A2A3FC096}.Debug|Any CPU.Build.0 = Debug|Any CPU
		{E7263DF1-A8DC-4310-923D-1D7A2A3FC096}.Release|Any CPU.ActiveCfg = Release|Any CPU
		{E7263DF1-A8DC-4310-923D-1D7A2A3FC096}.Release|Any CPU.Build.0 = Release|Any CPU
		{5385A077-B098-43CF-93AC-53116A493B30}.Debug|Any CPU.ActiveCfg = Debug|Any CPU
		{5385A077-B098-43CF-93AC-53116A493B30}.Debug|Any CPU.Build.0 = Debug|Any CPU
		{5385A077-B098-43CF-93AC-53116A493B30}.Release|Any CPU.ActiveCfg = Release|Any CPU
		{5385A077-B098-43CF-93AC-53116A493B30}.Release|Any CPU.Build.0 = Release|Any CPU
		{D9052EE1-69A7-4948-A870-C16A6000CE27}.Debug|Any CPU.ActiveCfg = Debug|Any CPU
		{D9052EE1-69A7-4948-A870-C16A6000CE27}.Debug|Any CPU.Build.0 = Debug|Any CPU
		{D9052EE1-69A7-4948-A870-C16A6000CE27}.Release|Any CPU.ActiveCfg = Release|Any CPU
		{D9052EE1-69A7-4948-A870-C16A6000CE27}.Release|Any CPU.Build.0 = Release|Any CPU
		{ACB89A8E-DDC4-4C5B-9FE0-DC2FD24B4EF7}.Debug|Any CPU.ActiveCfg = Debug|Any CPU
		{ACB89A8E-DDC4-4C5B-9FE0-DC2FD24B4EF7}.Debug|Any CPU.Build.0 = Debug|Any CPU
		{ACB89A8E-DDC4-4C5B-9FE0-DC2FD24B4EF7}.Release|Any CPU.ActiveCfg = Release|Any CPU
		{ACB89A8E-DDC4-4C5B-9FE0-DC2FD24B4EF7}.Release|Any CPU.Build.0 = Release|Any CPU
		{1B3BB92A-27D4-4090-8C37-53C5BDEB5489}.Debug|Any CPU.ActiveCfg = Debug|Any CPU
		{1B3BB92A-27D4-4090-8C37-53C5BDEB5489}.Debug|Any CPU.Build.0 = Debug|Any CPU
		{1B3BB92A-27D4-4090-8C37-53C5BDEB5489}.Release|Any CPU.ActiveCfg = Release|Any CPU
		{1B3BB92A-27D4-4090-8C37-53C5BDEB5489}.Release|Any CPU.Build.0 = Release|Any CPU
		{6B282D3F-06CB-4994-86AB-D18DF291C506}.Debug|Any CPU.ActiveCfg = Debug|Any CPU
		{6B282D3F-06CB-4994-86AB-D18DF291C506}.Debug|Any CPU.Build.0 = Debug|Any CPU
		{6B282D3F-06CB-4994-86AB-D18DF291C506}.Release|Any CPU.ActiveCfg = Release|Any CPU
		{6B282D3F-06CB-4994-86AB-D18DF291C506}.Release|Any CPU.Build.0 = Release|Any CPU
	EndGlobalSection
	GlobalSection(SolutionProperties) = preSolution
		HideSolutionNode = FALSE
	EndGlobalSection
	GlobalSection(NestedProjects) = preSolution
		{9D5822B5-3ECF-4DF8-8177-F017910495D4} = {55DA4799-AA24-4C02-8F1C-DD1BE16CAECF}
		{4D6EE4C2-68E8-4ABD-B415-66365561447E} = {55DA4799-AA24-4C02-8F1C-DD1BE16CAECF}
		{885483F6-4A63-4441-B601-7DDBBE9E8ECD} = {55DA4799-AA24-4C02-8F1C-DD1BE16CAECF}
		{4AFEB4DE-135F-4170-9373-E5428064B8B4} = {020024A3-3588-4053-91E2-FC3F79A82FC3}
		{616C0693-4B3B-44CC-8F9E-06DEF50F6EC9} = {020024A3-3588-4053-91E2-FC3F79A82FC3}
		{DED70534-87E0-4CEB-9FA9-22493F45111C} = {020024A3-3588-4053-91E2-FC3F79A82FC3}
		{DFE4A822-FEA7-4B27-A968-C2A12C1127AF} = {020024A3-3588-4053-91E2-FC3F79A82FC3}
		{A0474C7D-02D1-45DB-A7F2-BF3112D05816} = {020024A3-3588-4053-91E2-FC3F79A82FC3}
		{F4D31ECA-4BA0-443D-8F60-8D84660AA8BC} = {020024A3-3588-4053-91E2-FC3F79A82FC3}
		{2CAF2625-CC95-40CD-837E-B668056B828A} = {F4D31ECA-4BA0-443D-8F60-8D84660AA8BC}
		{FEDB7649-1595-437E-ABD5-417AA167C774} = {F4D31ECA-4BA0-443D-8F60-8D84660AA8BC}
		{B7DDA93D-FCF7-4290-908D-ED3F286E47AD} = {F4D31ECA-4BA0-443D-8F60-8D84660AA8BC}
		{01D4B711-7427-4806-B164-31A33A91815F} = {F4D31ECA-4BA0-443D-8F60-8D84660AA8BC}
		{F1B22619-B041-4F6E-8621-DF84B01703A7} = {F4D31ECA-4BA0-443D-8F60-8D84660AA8BC}
		{C25D29D6-40B3-4176-A488-3956E60A6DF4} = {F4D31ECA-4BA0-443D-8F60-8D84660AA8BC}
		{9A57C735-F3C9-4FEA-8FDD-9A622C4F7F1A} = {020024A3-3588-4053-91E2-FC3F79A82FC3}
		{FAC19F1B-0F03-4BDF-B676-9FADD7BEF2F5} = {F4D31ECA-4BA0-443D-8F60-8D84660AA8BC}
		{F73E984E-77D6-43BB-B0ED-1B2361E509A1} = {F4D31ECA-4BA0-443D-8F60-8D84660AA8BC}
		{9EB19F4F-3308-4B74-B259-E3F6CAC20405} = {F4D31ECA-4BA0-443D-8F60-8D84660AA8BC}
		{2080276F-EB53-4658-B6D2-A59F6F4C9D91} = {F4D31ECA-4BA0-443D-8F60-8D84660AA8BC}
		{FE436ECC-A108-4FF4-B23C-F360FF459BBF} = {F4D31ECA-4BA0-443D-8F60-8D84660AA8BC}
		{DCB213ED-022D-40FD-946C-0AAFAED1522C} = {F4D31ECA-4BA0-443D-8F60-8D84660AA8BC}
		{DA458A3E-A5A4-49E3-8C64-A7F3E2516772} = {F4D31ECA-4BA0-443D-8F60-8D84660AA8BC}
		{B6B4C659-58BC-41EB-A434-E516AD4DDD79} = {F4D31ECA-4BA0-443D-8F60-8D84660AA8BC}
		{EF7DFDFC-624E-4AA4-A3AA-E4DF2AC5E698} = {F4D31ECA-4BA0-443D-8F60-8D84660AA8BC}
		{E9E05857-2D87-4CB7-880C-F0122E690D3D} = {F4D31ECA-4BA0-443D-8F60-8D84660AA8BC}
		{535E71D7-9E41-43F9-A132-F55AF0ED5B27} = {F4D31ECA-4BA0-443D-8F60-8D84660AA8BC}
		{22844FB1-7BC7-45F3-9376-34782B8C326E} = {F4D31ECA-4BA0-443D-8F60-8D84660AA8BC}
		{CB414E62-28AF-4069-BD91-B96918EC3C0E} = {F4D31ECA-4BA0-443D-8F60-8D84660AA8BC}
		{2E4728DB-A296-4A70-9EFC-3162923C6DB9} = {6227AB5B-0CF0-43F7-A399-C01C574B5F88}
		{A6699FFF-AC67-4E9D-B71A-B171598A99FB} = {4B99E88B-8AD0-4C60-B008-CACB0FE24963}
		{2FDCBE84-6CF5-4A7D-AF58-8904AA88F68C} = {10895DEA-D57D-41EE-B7B7-DE17AE9F39C1}
		{62B97AA9-5D48-4A67-A3CF-DFB1A1C8BC0C} = {10895DEA-D57D-41EE-B7B7-DE17AE9F39C1}
		{D0CA5103-C5FC-42C6-BA0D-0CD57A5F6371} = {10895DEA-D57D-41EE-B7B7-DE17AE9F39C1}
		{39F1874C-CD92-40CD-9DB0-02317A4FC36F} = {10895DEA-D57D-41EE-B7B7-DE17AE9F39C1}
		{E7263DF1-A8DC-4310-923D-1D7A2A3FC096} = {10895DEA-D57D-41EE-B7B7-DE17AE9F39C1}
		{5385A077-B098-43CF-93AC-53116A493B30} = {10895DEA-D57D-41EE-B7B7-DE17AE9F39C1}
		{D9052EE1-69A7-4948-A870-C16A6000CE27} = {D758A77F-8672-4FC0-9254-E6207B9795F6}
		{ACB89A8E-DDC4-4C5B-9FE0-DC2FD24B4EF7} = {D758A77F-8672-4FC0-9254-E6207B9795F6}
		{1B3BB92A-27D4-4090-8C37-53C5BDEB5489} = {D758A77F-8672-4FC0-9254-E6207B9795F6}
		{6B282D3F-06CB-4994-86AB-D18DF291C506} = {D758A77F-8672-4FC0-9254-E6207B9795F6}
	EndGlobalSection
	GlobalSection(ExtensibilityGlobals) = postSolution
		SolutionGuid = {8130F92F-2505-47E6-A3E2-56900E1D174C}
	EndGlobalSection
EndGlobal
